
Microsoft Visual Studio Solution File, Format Version 12.00
# TcXaeShell Solution File, Format Version 11.00
VisualStudioVersion = 15.0.35826.109
MinimumVisualStudioVersion = 10.0.40219.1
Project("{B1E792BE-AA5F-4E3C-8C82-674BF9C0715B}") = "AMR_Demo", "AMR_Demo.tsproj", "{364CEB01-7E7C-467F-8875-E710C50811BD}"
EndProject
Project("{FD9F1D59-E000-42F3-8744-88DE1BE93C06}") = "WheelScope", "..\WheelScope\WheelScope.tcmproj", "{AE66A134-72FD-4C5D-8872-3DC67BF1D187}"
EndProject
Project("{23D6B0B7-CBAA-4070-A2AF-F2FCE2506A3D}") = "DriveManager", "..\DriveManager\DriveManager.tcdmproj", "{23FCC58B-5D87-4F4B-A861-75A2993F7CFF}"
EndProject
Project("{FD9F1D59-E000-42F3-8744-88DE1BE93C06}") = "GyroScope", "..\GyroScope\GyroScope.tcmproj", "{9F834E13-7185-42B2-8E39-906F73730838}"
EndProject
Project("{FD9F1D59-E000-42F3-8744-88DE1BE93C06}") = "YT Scope Project1", "..\YT Scope Project1\YT Scope Project1.tcmproj", "{C6620857-4A2D-40F1-A8D3-32C4F3F5A6C7}"
EndProject
Global
	GlobalSection(SolutionConfigurationPlatforms) = preSolution
		Debug|TwinCAT CE7 (ARMV7) = Debug|TwinCAT CE7 (ARMV7)
		Debug|TwinCAT OS (ARMT2) = Debug|TwinCAT OS (ARMT2)
		Debug|TwinCAT OS (ARMV7-A) = Debug|TwinCAT OS (ARMV7-A)
		Debug|TwinCAT OS (ARMV7-M) = Debug|TwinCAT OS (ARMV7-M)
		Debug|TwinCAT OS (ARMV8-A) = Debug|TwinCAT OS (ARMV8-A)
		Debug|TwinCAT OS (x64) = Debug|TwinCAT OS (x64)
		Debug|TwinCAT OS (x64-E) = Debug|TwinCAT OS (x64-E)
		Debug|TwinCAT RT (x64) = Debug|TwinCAT RT (x64)
		Debug|TwinCAT RT (x86) = Debug|TwinCAT RT (x86)
		Release|TwinCAT CE7 (ARMV7) = Release|TwinCAT CE7 (ARMV7)
		Release|TwinCAT OS (ARMT2) = Release|TwinCAT OS (ARMT2)
		Release|TwinCAT OS (ARMV7-A) = Release|TwinCAT OS (ARMV7-A)
		Release|TwinCAT OS (ARMV7-M) = Release|TwinCAT OS (ARMV7-M)
		Release|TwinCAT OS (ARMV8-A) = Release|TwinCAT OS (ARMV8-A)
		Release|TwinCAT OS (x64) = Release|TwinCAT OS (x64)
		Release|TwinCAT OS (x64-E) = Release|TwinCAT OS (x64-E)
		Release|TwinCAT RT (x64) = Release|TwinCAT RT (x64)
		Release|TwinCAT RT (x86) = Release|TwinCAT RT (x86)
	EndGlobalSection
	GlobalSection(ProjectConfigurationPlatforms) = postSolution
		{364CEB01-7E7C-467F-8875-E710C50811BD}.Debug|TwinCAT CE7 (ARMV7).ActiveCfg = Debug|TwinCAT OS (ARMV8-A)
		{364CEB01-7E7C-467F-8875-E710C50811BD}.Debug|TwinCAT CE7 (ARMV7).Build.0 = Debug|TwinCAT OS (ARMV8-A)
		{364CEB01-7E7C-467F-8875-E710C50811BD}.Debug|TwinCAT OS (ARMT2).ActiveCfg = Debug|TwinCAT OS (x64-E)
		{364CEB01-7E7C-467F-8875-E710C50811BD}.Debug|TwinCAT OS (ARMT2).Build.0 = Debug|TwinCAT OS (x64-E)
		{364CEB01-7E7C-467F-8875-E710C50811BD}.Debug|TwinCAT OS (ARMV7-A).ActiveCfg = Debug|TwinCAT OS (ARMV7-A)
		{364CEB01-7E7C-467F-8875-E710C50811BD}.Debug|TwinCAT OS (ARMV7-A).Build.0 = Debug|TwinCAT OS (ARMV7-A)
		{364CEB01-7E7C-467F-8875-E710C50811BD}.Debug|TwinCAT OS (ARMV7-M).ActiveCfg = Debug|TwinCAT OS (ARMV7-M)
		{364CEB01-7E7C-467F-8875-E710C50811BD}.Debug|TwinCAT OS (ARMV7-M).Build.0 = Debug|TwinCAT OS (ARMV7-M)
		{364CEB01-7E7C-467F-8875-E710C50811BD}.Debug|TwinCAT OS (ARMV8-A).ActiveCfg = Debug|TwinCAT OS (ARMV8-A)
		{364CEB01-7E7C-467F-8875-E710C50811BD}.Debug|TwinCAT OS (ARMV8-A).Build.0 = Debug|TwinCAT OS (ARMV8-A)
		{364CEB01-7E7C-467F-8875-E710C50811BD}.Debug|TwinCAT OS (x64).ActiveCfg = Debug|TwinCAT OS (x64)
		{364CEB01-7E7C-467F-8875-E710C50811BD}.Debug|TwinCAT OS (x64).Build.0 = Debug|TwinCAT OS (x64)
		{364CEB01-7E7C-467F-8875-E710C50811BD}.Debug|TwinCAT OS (x64-E).ActiveCfg = Debug|TwinCAT OS (x64-E)
		{364CEB01-7E7C-467F-8875-E710C50811BD}.Debug|TwinCAT OS (x64-E).Build.0 = Debug|TwinCAT OS (x64-E)
		{364CEB01-7E7C-467F-8875-E710C50811BD}.Debug|TwinCAT RT (x64).ActiveCfg = Debug|TwinCAT RT (x64)
		{364CEB01-7E7C-467F-8875-E710C50811BD}.Debug|TwinCAT RT (x64).Build.0 = Debug|TwinCAT RT (x64)
		{364CEB01-7E7C-467F-8875-E710C50811BD}.Debug|TwinCAT RT (x86).ActiveCfg = Debug|TwinCAT RT (x86)
		{364CEB01-7E7C-467F-8875-E710C50811BD}.Debug|TwinCAT RT (x86).Build.0 = Debug|TwinCAT RT (x86)
		{364CEB01-7E7C-467F-8875-E710C50811BD}.Release|TwinCAT CE7 (ARMV7).ActiveCfg = Release|TwinCAT OS (ARMV8-A)
		{364CEB01-7E7C-467F-8875-E710C50811BD}.Release|TwinCAT CE7 (ARMV7).Build.0 = Release|TwinCAT OS (ARMV8-A)
		{364CEB01-7E7C-467F-8875-E710C50811BD}.Release|TwinCAT OS (ARMT2).ActiveCfg = Release|TwinCAT OS (x64-E)
		{364CEB01-7E7C-467F-8875-E710C50811BD}.Release|TwinCAT OS (ARMT2).Build.0 = Release|TwinCAT OS (x64-E)
		{364CEB01-7E7C-467F-8875-E710C50811BD}.Release|TwinCAT OS (ARMV7-A).ActiveCfg = Release|TwinCAT OS (ARMV7-A)
		{364CEB01-7E7C-467F-8875-E710C50811BD}.Release|TwinCAT OS (ARMV7-A).Build.0 = Release|TwinCAT OS (ARMV7-A)
		{364CEB01-7E7C-467F-8875-E710C50811BD}.Release|TwinCAT OS (ARMV7-M).ActiveCfg = Release|TwinCAT OS (ARMV7-M)
		{364CEB01-7E7C-467F-8875-E710C50811BD}.Release|TwinCAT OS (ARMV7-M).Build.0 = Release|TwinCAT OS (ARMV7-M)
		{364CEB01-7E7C-467F-8875-E710C50811BD}.Release|TwinCAT OS (ARMV8-A).ActiveCfg = Release|TwinCAT OS (ARMV8-A)
		{364CEB01-7E7C-467F-8875-E710C50811BD}.Release|TwinCAT OS (ARMV8-A).Build.0 = Release|TwinCAT OS (ARMV8-A)
		{364CEB01-7E7C-467F-8875-E710C50811BD}.Release|TwinCAT OS (x64).ActiveCfg = Release|TwinCAT OS (x64)
		{364CEB01-7E7C-467F-8875-E710C50811BD}.Release|TwinCAT OS (x64).Build.0 = Release|TwinCAT OS (x64)
		{364CEB01-7E7C-467F-8875-E710C50811BD}.Release|TwinCAT OS (x64-E).ActiveCfg = Release|TwinCAT OS (x64-E)
		{364CEB01-7E7C-467F-8875-E710C50811BD}.Release|TwinCAT OS (x64-E).Build.0 = Release|TwinCAT OS (x64-E)
		{364CEB01-7E7C-467F-8875-E710C50811BD}.Release|TwinCAT RT (x64).ActiveCfg = Release|TwinCAT RT (x64)
		{364CEB01-7E7C-467F-8875-E710C50811BD}.Release|TwinCAT RT (x64).Build.0 = Release|TwinCAT RT (x64)
		{364CEB01-7E7C-467F-8875-E710C50811BD}.Release|TwinCAT RT (x86).ActiveCfg = Release|TwinCAT RT (x86)
		{364CEB01-7E7C-467F-8875-E710C50811BD}.Release|TwinCAT RT (x86).Build.0 = Release|TwinCAT RT (x86)
		{AE66A134-72FD-4C5D-8872-3DC67BF1D187}.Debug|TwinCAT CE7 (ARMV7).ActiveCfg = Debug|TwinCAT CE7 (ARMV7)
		{AE66A134-72FD-4C5D-8872-3DC67BF1D187}.Debug|TwinCAT OS (ARMT2).ActiveCfg = Debug|TwinCAT OS (ARMT2)
		{AE66A134-72FD-4C5D-8872-3DC67BF1D187}.Debug|TwinCAT OS (ARMV7-A).ActiveCfg = Debug|TwinCAT CE7 (ARMV7)
		{AE66A134-72FD-4C5D-8872-3DC67BF1D187}.Debug|TwinCAT OS (ARMV7-M).ActiveCfg = Debug|TwinCAT CE7 (ARMV7)
		{AE66A134-72FD-4C5D-8872-3DC67BF1D187}.Debug|TwinCAT OS (ARMV8-A).ActiveCfg = Debug|TwinCAT CE7 (ARMV7)
		{AE66A134-72FD-4C5D-8872-3DC67BF1D187}.Debug|TwinCAT OS (x64).ActiveCfg = Debug|TwinCAT OS (x64)
		{AE66A134-72FD-4C5D-8872-3DC67BF1D187}.Debug|TwinCAT OS (x64-E).ActiveCfg = Debug|TwinCAT CE7 (ARMV7)
		{AE66A134-72FD-4C5D-8872-3DC67BF1D187}.Debug|TwinCAT RT (x64).ActiveCfg = Debug|TwinCAT RT (x64)
		{AE66A134-72FD-4C5D-8872-3DC67BF1D187}.Debug|TwinCAT RT (x86).ActiveCfg = Debug|TwinCAT RT (x86)
		{AE66A134-72FD-4C5D-8872-3DC67BF1D187}.Release|TwinCAT CE7 (ARMV7).ActiveCfg = Release|TwinCAT CE7 (ARMV7)
		{AE66A134-72FD-4C5D-8872-3DC67BF1D187}.Release|TwinCAT OS (ARMT2).ActiveCfg = Release|TwinCAT OS (ARMT2)
		{AE66A134-72FD-4C5D-8872-3DC67BF1D187}.Release|TwinCAT OS (ARMV7-A).ActiveCfg = Release|TwinCAT CE7 (ARMV7)
		{AE66A134-72FD-4C5D-8872-3DC67BF1D187}.Release|TwinCAT OS (ARMV7-M).ActiveCfg = Release|TwinCAT CE7 (ARMV7)
		{AE66A134-72FD-4C5D-8872-3DC67BF1D187}.Release|TwinCAT OS (ARMV8-A).ActiveCfg = Release|TwinCAT CE7 (ARMV7)
		{AE66A134-72FD-4C5D-8872-3DC67BF1D187}.Release|TwinCAT OS (x64).ActiveCfg = Release|TwinCAT OS (x64)
		{AE66A134-72FD-4C5D-8872-3DC67BF1D187}.Release|TwinCAT OS (x64-E).ActiveCfg = Release|TwinCAT CE7 (ARMV7)
		{AE66A134-72FD-4C5D-8872-3DC67BF1D187}.Release|TwinCAT RT (x64).ActiveCfg = Release|TwinCAT RT (x64)
		{AE66A134-72FD-4C5D-8872-3DC67BF1D187}.Release|TwinCAT RT (x86).ActiveCfg = Release|TwinCAT RT (x86)
		{23FCC58B-5D87-4F4B-A861-75A2993F7CFF}.Debug|TwinCAT CE7 (ARMV7).ActiveCfg = Debug|TwinCAT CE7 (ARMV7)
		{23FCC58B-5D87-4F4B-A861-75A2993F7CFF}.Debug|TwinCAT OS (ARMT2).ActiveCfg = Debug|TwinCAT OS (ARMT2)
		{23FCC58B-5D87-4F4B-A861-75A2993F7CFF}.Debug|TwinCAT OS (ARMV7-A).ActiveCfg = Debug|TwinCAT CE7 (ARMV7)
		{23FCC58B-5D87-4F4B-A861-75A2993F7CFF}.Debug|TwinCAT OS (ARMV7-M).ActiveCfg = Debug|TwinCAT CE7 (ARMV7)
		{23FCC58B-5D87-4F4B-A861-75A2993F7CFF}.Debug|TwinCAT OS (ARMV8-A).ActiveCfg = Debug|TwinCAT CE7 (ARMV7)
		{23FCC58B-5D87-4F4B-A861-75A2993F7CFF}.Debug|TwinCAT OS (x64).ActiveCfg = Debug|TwinCAT OS (x64)
		{23FCC58B-5D87-4F4B-A861-75A2993F7CFF}.Debug|TwinCAT OS (x64-E).ActiveCfg = Debug|TwinCAT CE7 (ARMV7)
		{23FCC58B-5D87-4F4B-A861-75A2993F7CFF}.Debug|TwinCAT RT (x64).ActiveCfg = Debug|TwinCAT RT (x64)
		{23FCC58B-5D87-4F4B-A861-75A2993F7CFF}.Debug|TwinCAT RT (x86).ActiveCfg = Debug|TwinCAT RT (x86)
		{23FCC58B-5D87-4F4B-A861-75A2993F7CFF}.Release|TwinCAT CE7 (ARMV7).ActiveCfg = Release|TwinCAT CE7 (ARMV7)
		{23FCC58B-5D87-4F4B-A861-75A2993F7CFF}.Release|TwinCAT OS (ARMT2).ActiveCfg = Release|TwinCAT OS (ARMT2)
		{23FCC58B-5D87-4F4B-A861-75A2993F7CFF}.Release|TwinCAT OS (ARMV7-A).ActiveCfg = Release|TwinCAT CE7 (ARMV7)
		{23FCC58B-5D87-4F4B-A861-75A2993F7CFF}.Release|TwinCAT OS (ARMV7-M).ActiveCfg = Release|TwinCAT CE7 (ARMV7)
		{23FCC58B-5D87-4F4B-A861-75A2993F7CFF}.Release|TwinCAT OS (ARMV8-A).ActiveCfg = Release|TwinCAT CE7 (ARMV7)
		{23FCC58B-5D87-4F4B-A861-75A2993F7CFF}.Release|TwinCAT OS (x64).ActiveCfg = Release|TwinCAT OS (x64)
		{23FCC58B-5D87-4F4B-A861-75A2993F7CFF}.Release|TwinCAT OS (x64-E).ActiveCfg = Release|TwinCAT CE7 (ARMV7)
		{23FCC58B-5D87-4F4B-A861-75A2993F7CFF}.Release|TwinCAT RT (x64).ActiveCfg = Release|TwinCAT RT (x64)
		{23FCC58B-5D87-4F4B-A861-75A2993F7CFF}.Release|TwinCAT RT (x86).ActiveCfg = Release|TwinCAT RT (x86)
		{9F834E13-7185-42B2-8E39-906F73730838}.Debug|TwinCAT CE7 (ARMV7).ActiveCfg = Debug|TwinCAT CE7 (ARMV7)
		{9F834E13-7185-42B2-8E39-906F73730838}.Debug|TwinCAT OS (ARMT2).ActiveCfg = Debug|TwinCAT OS (ARMT2)
		{9F834E13-7185-42B2-8E39-906F73730838}.Debug|TwinCAT OS (ARMV7-A).ActiveCfg = Debug|TwinCAT CE7 (ARMV7)
		{9F834E13-7185-42B2-8E39-906F73730838}.Debug|TwinCAT OS (ARMV7-M).ActiveCfg = Debug|TwinCAT CE7 (ARMV7)
		{9F834E13-7185-42B2-8E39-906F73730838}.Debug|TwinCAT OS (ARMV8-A).ActiveCfg = Debug|TwinCAT CE7 (ARMV7)
		{9F834E13-7185-42B2-8E39-906F73730838}.Debug|TwinCAT OS (x64).ActiveCfg = Debug|TwinCAT OS (x64)
		{9F834E13-7185-42B2-8E39-906F73730838}.Debug|TwinCAT OS (x64-E).ActiveCfg = Debug|TwinCAT CE7 (ARMV7)
		{9F834E13-7185-42B2-8E39-906F73730838}.Debug|TwinCAT RT (x64).ActiveCfg = Debug|TwinCAT RT (x64)
		{9F834E13-7185-42B2-8E39-906F73730838}.Debug|TwinCAT RT (x86).ActiveCfg = Debug|TwinCAT RT (x86)
		{9F834E13-7185-42B2-8E39-906F73730838}.Release|TwinCAT CE7 (ARMV7).ActiveCfg = Release|TwinCAT CE7 (ARMV7)
		{9F834E13-7185-42B2-8E39-906F73730838}.Release|TwinCAT OS (ARMT2).ActiveCfg = Release|TwinCAT OS (ARMT2)
		{9F834E13-7185-42B2-8E39-906F73730838}.Release|TwinCAT OS (ARMV7-A).ActiveCfg = Release|TwinCAT CE7 (ARMV7)
		{9F834E13-7185-42B2-8E39-906F73730838}.Release|TwinCAT OS (ARMV7-M).ActiveCfg = Release|TwinCAT CE7 (ARMV7)
		{9F834E13-7185-42B2-8E39-906F73730838}.Release|TwinCAT OS (ARMV8-A).ActiveCfg = Release|TwinCAT CE7 (ARMV7)
		{9F834E13-7185-42B2-8E39-906F73730838}.Release|TwinCAT OS (x64).ActiveCfg = Release|TwinCAT OS (x64)
		{9F834E13-7185-42B2-8E39-906F73730838}.Release|TwinCAT OS (x64-E).ActiveCfg = Release|TwinCAT CE7 (ARMV7)
		{9F834E13-7185-42B2-8E39-906F73730838}.Release|TwinCAT RT (x64).ActiveCfg = Release|TwinCAT RT (x64)
		{9F834E13-7185-42B2-8E39-906F73730838}.Release|TwinCAT RT (x86).ActiveCfg = Release|TwinCAT RT (x86)
		{C6620857-4A2D-40F1-A8D3-32C4F3F5A6C7}.Debug|TwinCAT CE7 (ARMV7).ActiveCfg = Debug|TwinCAT CE7 (ARMV7)
		{C6620857-4A2D-40F1-A8D3-32C4F3F5A6C7}.Debug|TwinCAT OS (ARMT2).ActiveCfg = Debug|TwinCAT OS (ARMT2)
		{C6620857-4A2D-40F1-A8D3-32C4F3F5A6C7}.Debug|TwinCAT OS (ARMV7-A).ActiveCfg = Debug|TwinCAT CE7 (ARMV7)
		{C6620857-4A2D-40F1-A8D3-32C4F3F5A6C7}.Debug|TwinCAT OS (ARMV7-M).ActiveCfg = Debug|TwinCAT CE7 (ARMV7)
		{C6620857-4A2D-40F1-A8D3-32C4F3F5A6C7}.Debug|TwinCAT OS (ARMV8-A).ActiveCfg = Debug|TwinCAT CE7 (ARMV7)
		{C6620857-4A2D-40F1-A8D3-32C4F3F5A6C7}.Debug|TwinCAT OS (x64).ActiveCfg = Debug|TwinCAT OS (x64)
		{C6620857-4A2D-40F1-A8D3-32C4F3F5A6C7}.Debug|TwinCAT OS (x64-E).ActiveCfg = Debug|TwinCAT CE7 (ARMV7)
		{C6620857-4A2D-40F1-A8D3-32C4F3F5A6C7}.Debug|TwinCAT RT (x64).ActiveCfg = Debug|TwinCAT RT (x64)
		{C6620857-4A2D-40F1-A8D3-32C4F3F5A6C7}.Debug|TwinCAT RT (x86).ActiveCfg = Debug|TwinCAT RT (x86)
		{C6620857-4A2D-40F1-A8D3-32C4F3F5A6C7}.Release|TwinCAT CE7 (ARMV7).ActiveCfg = Release|TwinCAT CE7 (ARMV7)
		{C6620857-4A2D-40F1-A8D3-32C4F3F5A6C7}.Release|TwinCAT OS (ARMT2).ActiveCfg = Release|TwinCAT OS (ARMT2)
		{C6620857-4A2D-40F1-A8D3-32C4F3F5A6C7}.Release|TwinCAT OS (ARMV7-A).ActiveCfg = Release|TwinCAT CE7 (ARMV7)
		{C6620857-4A2D-40F1-A8D3-32C4F3F5A6C7}.Release|TwinCAT OS (ARMV7-M).ActiveCfg = Release|TwinCAT CE7 (ARMV7)
		{C6620857-4A2D-40F1-A8D3-32C4F3F5A6C7}.Release|TwinCAT OS (ARMV8-A).ActiveCfg = Release|TwinCAT CE7 (ARMV7)
		{C6620857-4A2D-40F1-A8D3-32C4F3F5A6C7}.Release|TwinCAT OS (x64).ActiveCfg = Release|TwinCAT OS (x64)
		{C6620857-4A2D-40F1-A8D3-32C4F3F5A6C7}.Release|TwinCAT OS (x64-E).ActiveCfg = Release|TwinCAT CE7 (ARMV7)
		{C6620857-4A2D-40F1-A8D3-32C4F3F5A6C7}.Release|TwinCAT RT (x64).ActiveCfg = Release|TwinCAT RT (x64)
		{C6620857-4A2D-40F1-A8D3-32C4F3F5A6C7}.Release|TwinCAT RT (x86).ActiveCfg = Release|TwinCAT RT (x86)
		{207D7263-BDDD-4625-9614-EE5DD747CC9E}.Debug|TwinCAT CE7 (ARMV7).ActiveCfg = Debug|TwinCAT OS (ARMV8-A)
		{207D7263-BDDD-4625-9614-EE5DD747CC9E}.Debug|TwinCAT CE7 (ARMV7).Build.0 = Debug|TwinCAT OS (ARMV8-A)
		{207D7263-BDDD-4625-9614-EE5DD747CC9E}.Debug|TwinCAT OS (ARMT2).ActiveCfg = Debug|TwinCAT OS (x64-E)
		{207D7263-BDDD-4625-9614-EE5DD747CC9E}.Debug|TwinCAT OS (ARMT2).Build.0 = Debug|TwinCAT OS (x64-E)
		{207D7263-BDDD-4625-9614-EE5DD747CC9E}.Debug|TwinCAT OS (ARMV7-A).ActiveCfg = Debug|TwinCAT OS (ARMV7-A)
		{207D7263-BDDD-4625-9614-EE5DD747CC9E}.Debug|TwinCAT OS (ARMV7-A).Build.0 = Debug|TwinCAT OS (ARMV7-A)
		{207D7263-BDDD-4625-9614-EE5DD747CC9E}.Debug|TwinCAT OS (ARMV7-M).ActiveCfg = Debug|TwinCAT OS (ARMV7-M)
		{207D7263-BDDD-4625-9614-EE5DD747CC9E}.Debug|TwinCAT OS (ARMV7-M).Build.0 = Debug|TwinCAT OS (ARMV7-M)
		{207D7263-BDDD-4625-9614-EE5DD747CC9E}.Debug|TwinCAT OS (ARMV8-A).ActiveCfg = Debug|TwinCAT OS (ARMV8-A)
		{207D7263-BDDD-4625-9614-EE5DD747CC9E}.Debug|TwinCAT OS (ARMV8-A).Build.0 = Debug|TwinCAT OS (ARMV8-A)
		{207D7263-BDDD-4625-9614-EE5DD747CC9E}.Debug|TwinCAT OS (x64).ActiveCfg = Debug|TwinCAT OS (x64)
		{207D7263-BDDD-4625-9614-EE5DD747CC9E}.Debug|TwinCAT OS (x64).Build.0 = Debug|TwinCAT OS (x64)
		{207D7263-BDDD-4625-9614-EE5DD747CC9E}.Debug|TwinCAT OS (x64-E).ActiveCfg = Debug|TwinCAT OS (x64-E)
		{207D7263-BDDD-4625-9614-EE5DD747CC9E}.Debug|TwinCAT OS (x64-E).Build.0 = Debug|TwinCAT OS (x64-E)
		{207D7263-BDDD-4625-9614-EE5DD747CC9E}.Debug|TwinCAT RT (x64).ActiveCfg = Debug|TwinCAT RT (x64)
		{207D7263-BDDD-4625-9614-EE5DD747CC9E}.Debug|TwinCAT RT (x64).Build.0 = Debug|TwinCAT RT (x64)
		{207D7263-BDDD-4625-9614-EE5DD747CC9E}.Debug|TwinCAT RT (x86).ActiveCfg = Debug|TwinCAT RT (x86)
		{207D7263-BDDD-4625-9614-EE5DD747CC9E}.Debug|TwinCAT RT (x86).Build.0 = Debug|TwinCAT RT (x86)
		{207D7263-BDDD-4625-9614-EE5DD747CC9E}.Release|TwinCAT CE7 (ARMV7).ActiveCfg = Release|TwinCAT OS (ARMV8-A)
		{207D7263-BDDD-4625-9614-EE5DD747CC9E}.Release|TwinCAT CE7 (ARMV7).Build.0 = Release|TwinCAT OS (ARMV8-A)
		{207D7263-BDDD-4625-9614-EE5DD747CC9E}.Release|TwinCAT OS (ARMT2).ActiveCfg = Release|TwinCAT OS (x64-E)
		{207D7263-BDDD-4625-9614-EE5DD747CC9E}.Release|TwinCAT OS (ARMT2).Build.0 = Release|TwinCAT OS (x64-E)
		{207D7263-BDDD-4625-9614-EE5DD747CC9E}.Release|TwinCAT OS (ARMV7-A).ActiveCfg = Release|TwinCAT OS (ARMV7-A)
		{207D7263-BDDD-4625-9614-EE5DD747CC9E}.Release|TwinCAT OS (ARMV7-A).Build.0 = Release|TwinCAT OS (ARMV7-A)
		{207D7263-BDDD-4625-9614-EE5DD747CC9E}.Release|TwinCAT OS (ARMV7-M).ActiveCfg = Release|TwinCAT OS (ARMV7-M)
		{207D7263-BDDD-4625-9614-EE5DD747CC9E}.Release|TwinCAT OS (ARMV7-M).Build.0 = Release|TwinCAT OS (ARMV7-M)
		{207D7263-BDDD-4625-9614-EE5DD747CC9E}.Release|TwinCAT OS (ARMV8-A).ActiveCfg = Release|TwinCAT OS (ARMV8-A)
		{207D7263-BDDD-4625-9614-EE5DD747CC9E}.Release|TwinCAT OS (ARMV8-A).Build.0 = Release|TwinCAT OS (ARMV8-A)
		{207D7263-BDDD-4625-9614-EE5DD747CC9E}.Release|TwinCAT OS (x64).ActiveCfg = Release|TwinCAT OS (x64)
		{207D7263-BDDD-4625-9614-EE5DD747CC9E}.Release|TwinCAT OS (x64).Build.0 = Release|TwinCAT OS (x64)
		{207D7263-BDDD-4625-9614-EE5DD747CC9E}.Release|TwinCAT OS (x64-E).ActiveCfg = Release|TwinCAT OS (x64-E)
		{207D7263-BDDD-4625-9614-EE5DD747CC9E}.Release|TwinCAT OS (x64-E).Build.0 = Release|TwinCAT OS (x64-E)
		{207D7263-BDDD-4625-9614-EE5DD747CC9E}.Release|TwinCAT RT (x64).ActiveCfg = Release|TwinCAT RT (x64)
		{207D7263-BDDD-4625-9614-EE5DD747CC9E}.Release|TwinCAT RT (x64).Build.0 = Release|TwinCAT RT (x64)
		{207D7263-BDDD-4625-9614-EE5DD747CC9E}.Release|TwinCAT RT (x86).ActiveCfg = Release|TwinCAT RT (x86)
		{207D7263-BDDD-4625-9614-EE5DD747CC9E}.Release|TwinCAT RT (x86).Build.0 = Release|TwinCAT RT (x86)
		{000ACBE6-97EC-42FC-BFBF-5A8A5EB50F7F}.Debug|TwinCAT CE7 (ARMV7).ActiveCfg = Debug|TwinCAT CE7 (ARMV7)
		{000ACBE6-97EC-42FC-BFBF-5A8A5EB50F7F}.Debug|TwinCAT CE7 (ARMV7).Build.0 = Debug|TwinCAT CE7 (ARMV7)
		{000ACBE6-97EC-42FC-BFBF-5A8A5EB50F7F}.Debug|TwinCAT OS (ARMT2).ActiveCfg = Debug|TwinCAT OS (x64-E)
		{000ACBE6-97EC-42FC-BFBF-5A8A5EB50F7F}.Debug|TwinCAT OS (ARMT2).Build.0 = Debug|TwinCAT OS (x64-E)
		{000ACBE6-97EC-42FC-BFBF-5A8A5EB50F7F}.Debug|TwinCAT OS (ARMV7-A).ActiveCfg = Debug|TwinCAT OS (ARMV7-A)
		{000ACBE6-97EC-42FC-BFBF-5A8A5EB50F7F}.Debug|TwinCAT OS (ARMV7-A).Build.0 = Debug|TwinCAT OS (ARMV7-A)
		{000ACBE6-97EC-42FC-BFBF-5A8A5EB50F7F}.Debug|TwinCAT OS (ARMV7-M).ActiveCfg = Debug|TwinCAT OS (ARMV7-M)
		{000ACBE6-97EC-42FC-BFBF-5A8A5EB50F7F}.Debug|TwinCAT OS (ARMV7-M).Build.0 = Debug|TwinCAT OS (ARMV7-M)
		{000ACBE6-97EC-42FC-BFBF-5A8A5EB50F7F}.Debug|TwinCAT OS (ARMV8-A).ActiveCfg = Debug|TwinCAT OS (ARMV8-A)
		{000ACBE6-97EC-42FC-BFBF-5A8A5EB50F7F}.Debug|TwinCAT OS (ARMV8-A).Build.0 = Debug|TwinCAT OS (ARMV8-A)
		{000ACBE6-97EC-42FC-BFBF-5A8A5EB50F7F}.Debug|TwinCAT OS (x64).ActiveCfg = Debug|TwinCAT OS (x64)
		{000ACBE6-97EC-42FC-BFBF-5A8A5EB50F7F}.Debug|TwinCAT OS (x64).Build.0 = Debug|TwinCAT OS (x64)
		{000ACBE6-97EC-42FC-BFBF-5A8A5EB50F7F}.Debug|TwinCAT OS (x64-E).ActiveCfg = Debug|TwinCAT OS (x64-E)
		{000ACBE6-97EC-42FC-BFBF-5A8A5EB50F7F}.Debug|TwinCAT OS (x64-E).Build.0 = Debug|TwinCAT OS (x64-E)
		{000ACBE6-97EC-42FC-BFBF-5A8A5EB50F7F}.Debug|TwinCAT RT (x64).ActiveCfg = Debug|TwinCAT RT (x64)
		{000ACBE6-97EC-42FC-BFBF-5A8A5EB50F7F}.Debug|TwinCAT RT (x64).Build.0 = Debug|TwinCAT RT (x64)
		{000ACBE6-97EC-42FC-BFBF-5A8A5EB50F7F}.Debug|TwinCAT RT (x86).ActiveCfg = Debug|TwinCAT RT (x86)
		{000ACBE6-97EC-42FC-BFBF-5A8A5EB50F7F}.Debug|TwinCAT RT (x86).Build.0 = Debug|TwinCAT RT (x86)
		{000ACBE6-97EC-42FC-BFBF-5A8A5EB50F7F}.Release|TwinCAT CE7 (ARMV7).ActiveCfg = Release|TwinCAT CE7 (ARMV7)
		{000ACBE6-97EC-42FC-BFBF-5A8A5EB50F7F}.Release|TwinCAT CE7 (ARMV7).Build.0 = Release|TwinCAT CE7 (ARMV7)
		{000ACBE6-97EC-42FC-BFBF-5A8A5EB50F7F}.Release|TwinCAT OS (ARMT2).ActiveCfg = Release|TwinCAT OS (x64-E)
		{000ACBE6-97EC-42FC-BFBF-5A8A5EB50F7F}.Release|TwinCAT OS (ARMT2).Build.0 = Release|TwinCAT OS (x64-E)
		{000ACBE6-97EC-42FC-BFBF-5A8A5EB50F7F}.Release|TwinCAT OS (ARMV7-A).ActiveCfg = Release|TwinCAT OS (ARMV7-A)
		{000ACBE6-97EC-42FC-BFBF-5A8A5EB50F7F}.Release|TwinCAT OS (ARMV7-A).Build.0 = Release|TwinCAT OS (ARMV7-A)
		{000ACBE6-97EC-42FC-BFBF-5A8A5EB50F7F}.Release|TwinCAT OS (ARMV7-M).ActiveCfg = Release|TwinCAT OS (ARMV7-M)
		{000ACBE6-97EC-42FC-BFBF-5A8A5EB50F7F}.Release|TwinCAT OS (ARMV7-M).Build.0 = Release|TwinCAT OS (ARMV7-M)
		{000ACBE6-97EC-42FC-BFBF-5A8A5EB50F7F}.Release|TwinCAT OS (ARMV8-A).ActiveCfg = Release|TwinCAT OS (ARMV8-A)
		{000ACBE6-97EC-42FC-BFBF-5A8A5EB50F7F}.Release|TwinCAT OS (ARMV8-A).Build.0 = Release|TwinCAT OS (ARMV8-A)
		{000ACBE6-97EC-42FC-BFBF-5A8A5EB50F7F}.Release|TwinCAT OS (x64).ActiveCfg = Release|TwinCAT OS (x64)
		{000ACBE6-97EC-42FC-BFBF-5A8A5EB50F7F}.Release|TwinCAT OS (x64).Build.0 = Release|TwinCAT OS (x64)
		{000ACBE6-97EC-42FC-BFBF-5A8A5EB50F7F}.Release|TwinCAT OS (x64-E).ActiveCfg = Release|TwinCAT OS (x64-E)
		{000ACBE6-97EC-42FC-BFBF-5A8A5EB50F7F}.Release|TwinCAT OS (x64-E).Build.0 = Release|TwinCAT OS (x64-E)
		{000ACBE6-97EC-42FC-BFBF-5A8A5EB50F7F}.Release|TwinCAT RT (x64).ActiveCfg = Release|TwinCAT RT (x64)
		{000ACBE6-97EC-42FC-BFBF-5A8A5EB50F7F}.Release|TwinCAT RT (x64).Build.0 = Release|TwinCAT RT (x64)
		{000ACBE6-97EC-42FC-BFBF-5A8A5EB50F7F}.Release|TwinCAT RT (x86).ActiveCfg = Release|TwinCAT RT (x86)
		{000ACBE6-97EC-42FC-BFBF-5A8A5EB50F7F}.Release|TwinCAT RT (x86).Build.0 = Release|TwinCAT RT (x86)
		{5DFBC338-C5E1-4819-B990-CAC683530E1A}.Debug|TwinCAT CE7 (ARMV7).ActiveCfg = Debug|TwinCAT CE7 (ARMV7)
		{5DFBC338-C5E1-4819-B990-CAC683530E1A}.Debug|TwinCAT CE7 (ARMV7).Build.0 = Debug|TwinCAT CE7 (ARMV7)
		{5DFBC338-C5E1-4819-B990-CAC683530E1A}.Debug|TwinCAT OS (ARMT2).ActiveCfg = Debug|TwinCAT OS (ARMV8-A)
		{5DFBC338-C5E1-4819-B990-CAC683530E1A}.Debug|TwinCAT OS (ARMV7-A).ActiveCfg = Debug|TwinCAT OS (ARMV7-A)
		{5DFBC338-C5E1-4819-B990-CAC683530E1A}.Debug|TwinCAT OS (ARMV7-A).Build.0 = Debug|TwinCAT OS (ARMV7-A)
		{5DFBC338-C5E1-4819-B990-CAC683530E1A}.Debug|TwinCAT OS (ARMV7-M).ActiveCfg = Debug|TwinCAT OS (ARMV7-M)
		{5DFBC338-C5E1-4819-B990-CAC683530E1A}.Debug|TwinCAT OS (ARMV7-M).Build.0 = Debug|TwinCAT OS (ARMV7-M)
		{5DFBC338-C5E1-4819-B990-CAC683530E1A}.Debug|TwinCAT OS (ARMV8-A).ActiveCfg = Debug|TwinCAT OS (ARMV8-A)
		{5DFBC338-C5E1-4819-B990-CAC683530E1A}.Debug|TwinCAT OS (ARMV8-A).Build.0 = Debug|TwinCAT OS (ARMV8-A)
		{5DFBC338-C5E1-4819-B990-CAC683530E1A}.Debug|TwinCAT OS (x64).ActiveCfg = Debug|TwinCAT OS (x64)
		{5DFBC338-C5E1-4819-B990-CAC683530E1A}.Debug|TwinCAT OS (x64).Build.0 = Debug|TwinCAT OS (x64)
		{5DFBC338-C5E1-4819-B990-CAC683530E1A}.Debug|TwinCAT OS (x64-E).ActiveCfg = Debug|TwinCAT OS (x64-E)
		{5DFBC338-C5E1-4819-B990-CAC683530E1A}.Debug|TwinCAT OS (x64-E).Build.0 = Debug|TwinCAT OS (x64-E)
		{5DFBC338-C5E1-4819-B990-CAC683530E1A}.Debug|TwinCAT RT (x64).ActiveCfg = Debug|TwinCAT RT (x64)
		{5DFBC338-C5E1-4819-B990-CAC683530E1A}.Debug|TwinCAT RT (x64).Build.0 = Debug|TwinCAT RT (x64)
		{5DFBC338-C5E1-4819-B990-CAC683530E1A}.Debug|TwinCAT RT (x86).ActiveCfg = Debug|TwinCAT RT (x86)
		{5DFBC338-C5E1-4819-B990-CAC683530E1A}.Debug|TwinCAT RT (x86).Build.0 = Debug|TwinCAT RT (x86)
		{5DFBC338-C5E1-4819-B990-CAC683530E1A}.Release|TwinCAT CE7 (ARMV7).ActiveCfg = Release|TwinCAT CE7 (ARMV7)
		{5DFBC338-C5E1-4819-B990-CAC683530E1A}.Release|TwinCAT CE7 (ARMV7).Build.0 = Release|TwinCAT CE7 (ARMV7)
		{5DFBC338-C5E1-4819-B990-CAC683530E1A}.Release|TwinCAT OS (ARMT2).ActiveCfg = Release|TwinCAT OS (ARMV8-A)
		{5DFBC338-C5E1-4819-B990-CAC683530E1A}.Release|TwinCAT OS (ARMV7-A).ActiveCfg = Release|TwinCAT OS (ARMV7-A)
		{5DFBC338-C5E1-4819-B990-CAC683530E1A}.Release|TwinCAT OS (ARMV7-A).Build.0 = Release|TwinCAT OS (ARMV7-A)
		{5DFBC338-C5E1-4819-B990-CAC683530E1A}.Release|TwinCAT OS (ARMV7-M).ActiveCfg = Release|TwinCAT OS (ARMV7-M)
		{5DFBC338-C5E1-4819-B990-CAC683530E1A}.Release|TwinCAT OS (ARMV7-M).Build.0 = Release|TwinCAT OS (ARMV7-M)
		{5DFBC338-C5E1-4819-B990-CAC683530E1A}.Release|TwinCAT OS (ARMV8-A).ActiveCfg = Release|TwinCAT OS (ARMV8-A)
		{5DFBC338-C5E1-4819-B990-CAC683530E1A}.Release|TwinCAT OS (ARMV8-A).Build.0 = Release|TwinCAT OS (ARMV8-A)
		{5DFBC338-C5E1-4819-B990-CAC683530E1A}.Release|TwinCAT OS (x64).ActiveCfg = Release|TwinCAT OS (x64)
		{5DFBC338-C5E1-4819-B990-CAC683530E1A}.Release|TwinCAT OS (x64).Build.0 = Release|TwinCAT OS (x64)
		{5DFBC338-C5E1-4819-B990-CAC683530E1A}.Release|TwinCAT OS (x64-E).ActiveCfg = Release|TwinCAT OS (x64-E)
		{5DFBC338-C5E1-4819-B990-CAC683530E1A}.Release|TwinCAT OS (x64-E).Build.0 = Release|TwinCAT OS (x64-E)
		{5DFBC338-C5E1-4819-B990-CAC683530E1A}.Release|TwinCAT RT (x64).ActiveCfg = Release|TwinCAT RT (x64)
		{5DFBC338-C5E1-4819-B990-CAC683530E1A}.Release|TwinCAT RT (x64).Build.0 = Release|TwinCAT RT (x64)
		{5DFBC338-C5E1-4819-B990-CAC683530E1A}.Release|TwinCAT RT (x86).ActiveCfg = Release|TwinCAT RT (x86)
		{5DFBC338-C5E1-4819-B990-CAC683530E1A}.Release|TwinCAT RT (x86).Build.0 = Release|TwinCAT RT (x86)
	EndGlobalSection
	GlobalSection(SolutionProperties) = preSolution
		HideSolutionNode = FALSE
	EndGlobalSection
	GlobalSection(ExtensibilityGlobals) = postSolution
		SolutionGuid = {CEFAC98A-8624-4D25-858A-E0B694CA9843}
	EndGlobalSection
EndGlobal
